github.com/bbfh-dev/lib-ansi-escapes v0.3.5 h1:yVuvoNfH0xr+O4BDK97mXsMmf7L0RMohG8p6a54UD5k=
github.com/bbfh-dev/lib-ansi-escapes v0.3.5/go.mod h1:y3dPAVcS/PXHWs851zB/bR3GQx+PyLHsH3HgadfPM+8=
golang.org/x/sys v0.40.0 h1:DBZZqJ2Rkml6QMQsZywtnjnnGvHza6BTfYFWY9kjEWQ=
golang.org/x/sys v0.40.0/go.mod h1:OgkHotnGiDImocRcuBABYBEXf8A9a87e/uXjp9XT3ks=
